
Microsoft Visual Studio Solution File, Format Version 12.00
# Visual Studio 15
VisualStudioVersion = 15.0.28307.421
MinimumVisualStudioVersion = 10.0.40219.1
Project("{FAE04EC0-301F-11D3-BF4B-00C04F79EFBC}") = "MessageBoardWeb", "MessageBoardWeb\MessageBoardWeb.csproj", "{77C87670-CC37-4B41-89CB-48A4ED17609B}"
EndProject
Global
	GlobalSection(SolutionConfigurationPlatforms) = preSolution
		Debug|Any CPU = Debug|Any CPU
		Release|Any CPU = Release|Any CPU
	EndGlobalSection
	GlobalSection(ProjectConfigurationPlatforms) = postSolution
		{77C87670-CC37-4B41-89CB-48A4ED17609B}.Debug|Any CPU.ActiveCfg = Debug|Any CPU
		{77C87670-CC37-4B41-89CB-48A4ED17609B}.Debug|Any CPU.Build.0 = Debug|Any CPU
		{77C87670-CC37-4B41-89CB-48A4ED17609B}.Release|Any CPU.ActiveCfg = Release|Any CPU
		{77C87670-CC37-4B41-89CB-48A4ED17609B}.Release|Any CPU.Build.0 = Release|Any CPU
	EndGlobalSection
	GlobalSection(SolutionProperties) = preSolution
		HideSolutionNode = FALSE
	EndGlobalSection
	GlobalSection(ExtensibilityGlobals) = postSolution
		SolutionGuid = {5FC5F0E9-6957-443F-851D-9201A43CC07C}
	EndGlobalSection
EndGlobal
